PODS:
  - HyperSDK (2.1.23):
    - JuspaySafeBrowser (= 0.1.77)
    - Salvator (= 1.0.2)
  - JuspaySafeBrowser (0.1.77)
  - Salvator (1.0.2)

DEPENDENCIES:
  - HyperSDK (= 2.1.23)

SPEC REPOS:
  trunk:
    - HyperSDK
    - JuspaySafeBrowser
    - Salvator

SPEC CHECKSUMS:
  HyperSDK: 6ed505c2cb997444bad0fd6eebce6e2bc685f82f
  JuspaySafeBrowser: 039d54b068d7ca314866fa8a2d111ad98f3daea2
  Salvator: 084905ad83586b10de2c283c87b9241fefac5405

PODFILE CHECKSUM: 7054b08cda7193d31db1601b59b3910759b39611

COCOAPODS: 1.12.1
