PODS:
  - HyperSDK (2.1.9):
    - JuspaySafeBrowser (= 0.1.73)
    - Salvator (= 1.0.1)
  - JuspaySafeBrowser (0.1.73)
  - Salvator (1.0.1)

DEPENDENCIES:
  - HyperSDK (= 2.1.9)

SPEC REPOS:
  https://github.com/CocoaPods/Specs.git:
    - HyperSDK
    - JuspaySafeBrowser
    - Salvator

SPEC CHECKSUMS:
  HyperSDK: 2de5937d292f510b0d348560a5b42a2e79456a38
  JuspaySafeBrowser: 0193990c52e8865bd57f2875b03a20a598d8643d
  Salvator: e388abcd1c8a526aff3e952ed94219bb4e12c85f

PODFILE CHECKSUM: 3c9af7112cceccc00b6a742f304d819f5bf6ee3d

COCOAPODS: 1.12.1
